
Microsoft Visual Studio Solution File, Format Version 12.00
# Visual Studio Version 17
VisualStudioVersion = 17.10.35013.160
MinimumVisualStudioVersion = 10.0.40219.1
Project("{FAE04EC0-301F-11D3-BF4B-00C04F79EFBC}") = "DPL", "DPL\DPL.csproj", "{208225E4-A7E3-41D1-905C-381BF1859C65}"
EndProject
Global
	GlobalSection(SolutionConfigurationPlatforms) = preSolution
		Debug|Any CPU = Debug|Any CPU
		Release|Any CPU = Release|Any CPU
	EndGlobalSection
	GlobalSection(ProjectConfigurationPlatforms) = postSolution
		{208225E4-A7E3-41D1-905C-381BF1859C65}.Debug|Any CPU.ActiveCfg = Debug|Any CPU
		{208225E4-A7E3-41D1-905C-381BF1859C65}.Debug|Any CPU.Build.0 = Debug|Any CPU
		{208225E4-A7E3-41D1-905C-381BF1859C65}.Release|Any CPU.ActiveCfg = Release|Any CPU
		{208225E4-A7E3-41D1-905C-381BF1859C65}.Release|Any CPU.Build.0 = Release|Any CPU
	EndGlobalSection
	GlobalSection(SolutionProperties) = preSolution
		HideSolutionNode = FALSE
	EndGlobalSection
	GlobalSection(ExtensibilityGlobals) = postSolution
		SolutionGuid = {9B3CFF62-88B7-4C61-BAE3-99375D9399CE}
	EndGlobalSection
EndGlobal
